// !$*UTF8*$!
{
	archiveVersion = 1;
	classes = {
	};
	objectVersion = 46;
	objects = {

/* Begin PBXBuildFile section */
		961AB3D21F0629EC0094DE76 /* AppDelegate.swift in Sources */ = {isa = PBXBuildFile; fileRef = 961AB3D11F0629EC0094DE76 /* AppDelegate.swift */; };
		961AB3D41F0629EC0094DE76 /* ViewController.swift in Sources */ = {isa = PBXBuildFile; fileRef = 961AB3D31F0629EC0094DE76 /* ViewController.swift */; };
		961AB3D71F0629EC0094DE76 /* Main.storyboard in Resources */ = {isa = PBXBuildFile; fileRef = 961AB3D51F0629EC0094DE76 /* Main.storyboard */; };
		961AB3D91F0629EC0094DE76 /* Assets.xcassets in Resources */ = {isa = PBXBuildFile; fileRef = 961AB3D81F0629EC0094DE76 /* Assets.xcassets */; };
		961AB3DC1F0629EC0094DE76 /* LaunchScreen.storyboard in Resources */ = {isa = PBXBuildFile; fileRef = 961AB3DA1F0629EC0094DE76 /* LaunchScreen.storyboard */; };
		961AB3E41F062A0B0094DE76 /* Closures.swift in Sources */ = {isa = PBXBuildFile; fileRef = 961AB3E31F062A0B0094DE76 /* Closures.swift */; };
/* End PBXBuildFile section */

/* Begin PBXFileReference section */
		961AB3CE1F0629EC0094DE76 /* Closures.app */ = {isa = PBXFileReference; explicitFileType = wrapper.application; includeInIndex = 0; path = Closures.app; sourceTree = BUILT_PRODUCTS_DIR; };
		961AB3D11F0629EC0094DE76 /* AppDelegate.swift */ = {isa = PBXFileReference; lastKnownFileType = sourcecode.swift; path = AppDelegate.swift; sourceTree = "<group>"; };
		961AB3D31F0629EC0094DE76 /* ViewController.swift */ = {isa = PBXFileReference; lastKnownFileType = sourcecode.swift; path = ViewController.swift; sourceTree = "<group>"; };
		961AB3D61F0629EC0094DE76 /* Base */ = {isa = PBXFileReference; lastKnownFileType = file.storyboard; name = Base; path = Base.lproj/Main.storyboard; sourceTree = "<group>"; };
		961AB3D81F0629EC0094DE76 /* Assets.xcassets */ = {isa = PBXFileReference; lastKnownFileType = folder.assetcatalog; path = Assets.xcassets; sourceTree = "<group>"; };
		961AB3DB1F0629EC0094DE76 /* Base */ = {isa = PBXFileReference; lastKnownFileType = file.storyboard; name = Base; path = Base.lproj/LaunchScreen.storyboard; sourceTree = "<group>"; };
		961AB3DD1F0629EC0094DE76 /* Info.plist */ = {isa = PBXFileReference; lastKnownFileType = text.plist.xml; path = Info.plist; sourceTree = "<group>"; };
		961AB3E31F062A0B0094DE76 /* Closures.swift */ = {isa = PBXFileReference; fileEncoding = 4; lastKnownFileType = sourcecode.swift; path = Closures.swift; sourceTree = "<group>"; };
/* End PBXFileReference section */

/* Begin PBXFrameworksBuildPhase section */
		961AB3CB1F0629EC0094DE76 /* Frameworks */ = {
			isa = PBXFrameworksBuildPhase;
			buildActionMask = 2147483647;
			files = (
			);
			runOnlyForDeploymentPostprocessing = 0;
		};
/* End PBXFrameworksBuildPhase section */

/* Begin PBXGroup section */
		961AB3C51F0629EC0094DE76 = {
			isa = PBXGroup;
			children = (
				961AB3D01F0629EC0094DE76 /* Closures */,
				961AB3CF1F0629EC0094DE76 /* Products */,
			);
			sourceTree = "<group>";
		};
		961AB3CF1F0629EC0094DE76 /* Products */ = {
			isa = PBXGroup;
			children = (
				961AB3CE1F0629EC0094DE76 /* Closures.app */,
			);
			name = Products;
			sourceTree = "<group>";
		};
		961AB3D01F0629EC0094DE76 /* Closures */ = {
			isa = PBXGroup;
			children = (
				961AB3D11F0629EC0094DE76 /* AppDelegate.swift */,
				961AB3D31F0629EC0094DE76 /* ViewController.swift */,
				961AB3D51F0629EC0094DE76 /* Main.storyboard */,
				961AB3D81F0629EC0094DE76 /* Assets.xcassets */,
				961AB3DA1F0629EC0094DE76 /* LaunchScreen.storyboard */,
				961AB3DD1F0629EC0094DE76 /* Info.plist */,
				961AB3E31F062A0B0094DE76 /* Closures.swift */,
			);
			path = Closures;
			sourceTree = "<group>";
		};
/* End PBXGroup section */

/* Begin PBXNativeTarget section */
		961AB3CD1F0629EC0094DE76 /* Closures */ = {
			isa = PBXNativeTarget;
			buildConfigurationList = 961AB3E01F0629EC0094DE76 /* Build configuration list for PBXNativeTarget "Closures" */;
			buildPhases = (
				961AB3CA1F0629EC0094DE76 /* Sources */,
				961AB3CB1F0629EC0094DE76 /* Frameworks */,
				961AB3CC1F0629EC0094DE76 /* Resources */,
			);
			buildRules = (
			);
			dependencies = (
			);
			name = Closures;
			productName = Closures;
			productReference = 961AB3CE1F0629EC0094DE76 /* Closures.app */;
			productType = "com.apple.product-type.application";
		};
/* End PBXNativeTarget section */

/* Begin PBXProject section */
		961AB3C61F0629EC0094DE76 /* Project object */ = {
			isa = PBXProject;
			attributes = {
				LastSwiftUpdateCheck = 0830;
				LastUpgradeCheck = 0830;
				ORGANIZATIONNAME = Eastze;
				TargetAttributes = {
					961AB3CD1F0629EC0094DE76 = {
						CreatedOnToolsVersion = 8.3.2;
						ProvisioningStyle = Manual;
					};
				};
			};
			buildConfigurationList = 961AB3C91F0629EC0094DE76 /* Build configuration list for PBXProject "Closures" */;
			compatibilityVersion = "Xcode 3.2";
			developmentRegion = English;
			hasScannedForEncodings = 0;
			knownRegions = (
				en,
				Base,
			);
			mainGroup = 961AB3C51F0629EC0094DE76;
			productRefGroup = 961AB3CF1F0629EC0094DE76 /* Products */;
			projectDirPath = "";
			projectRoot = "";
			targets = (
				961AB3CD1F0629EC0094DE76 /* Closures */,
			);
		};
/* End PBXProject section */

/* Begin PBXResourcesBuildPhase section */
		961AB3CC1F0629EC0094DE76 /* Resources */ = {
			isa = PBXResourcesBuildPhase;
			buildActionMask = 2147483647;
			files = (
				961AB3DC1F0629EC0094DE76 /* LaunchScreen.storyboard in Resources */,
				961AB3D91F0629EC0094DE76 /* Assets.xcassets in Resources */,
				961AB3D71F0629EC0094DE76 /* Main.storyboard in Resources */,
			);
			runOnlyForDeploymentPostprocessing = 0;
		};
/* End PBXResourcesBuildPhase section */

/* Begin PBXSourcesBuildPhase section */
		961AB3CA1F0629EC0094DE76 /* Sources */ = {
			isa = PBXSourcesBuildPhase;
			buildActionMask = 2147483647;
			files = (
				961AB3D41F0629EC0094DE76 /* ViewController.swift in Sources */,
				961AB3D21F0629EC0094DE76 /* AppDelegate.swift in Sources */,
				961AB3E41F062A0B0094DE76 /* Closures.swift in Sources */,
			);
			runOnlyForDeploymentPostprocessing = 0;
		};
/* End PBXSourcesBuildPhase section */

/* Begin PBXVariantGroup section */
		961AB3D51F0629EC0094DE76 /* Main.storyboard */ = {
			isa = PBXVariantGroup;
			children = (
				961AB3D61F0629EC0094DE76 /* Base */,
			);
			name = Main.storyboard;
			sourceTree = "<group>";
		};
		961AB3DA1F0629EC0094DE76 /* LaunchScreen.storyboard */ = {
			isa = PBXVariantGroup;
			children = (
				961AB3DB1F0629EC0094DE76 /* Base */,
			);
			name = LaunchScreen.storyboard;
			sourceTree = "<group>";
		};
/* End PBXVariantGroup section */

/* Begin XCBuildConfiguration section */
		961AB3DE1F0629EC0094DE76 /* Debug */ = {
			isa = XCBuildConfiguration;
			buildSettings = {
				ALWAYS_SEARCH_USER_PATHS = NO;
				CLANG_ANALYZER_NONNULL = YES;
				CLANG_ANALYZER_NUMBER_OBJECT_CONVERSION = YES_AGGRESSIVE;
				CLANG_CXX_LANGUAGE_STANDARD = "gnu++0x";
				CLANG_CXX_LIBRARY = "libc++";
				CLANG_ENABLE_MODULES = YES;
				CLANG_ENABLE_OBJC_ARC = YES;
				CLANG_WARN_BOOL_CONVERSION = YES;
				CLANG_WARN_CONSTANT_CONVERSION = YES;
				CLANG_WARN_DIRECT_OBJC_ISA_USAGE = YES_ERROR;
				CLANG_WARN_DOCUMENTATION_COMMENTS = YES;
				CLANG_WARN_EMPTY_BODY = YES;
				CLANG_WARN_ENUM_CONVERSION = YES;
				CLANG_WARN_INFINITE_RECURSION = YES;
				CLANG_WARN_INT_CONVERSION = YES;
				CLANG_WARN_OBJC_ROOT_CLASS = YES_ERROR;
				CLANG_WARN_SUSPICIOUS_MOVE = YES;
				CLANG_WARN_UNREACHABLE_CODE = YES;
				CLANG_WARN__DUPLICATE_METHOD_MATCH = YES;
				"CODE_SIGN_IDENTITY[sdk=iphoneos*]" = "iPhone Developer";
				COPY_PHASE_STRIP = NO;
				DEBUG_INFORMATION_FORMAT = dwarf;
				ENABLE_STRICT_OBJC_MSGSEND = YES;
				ENABLE_TESTABILITY = YES;
				GCC_C_LANGUAGE_STANDARD = gnu99;
				GCC_DYNAMIC_NO_PIC = NO;
				GCC_NO_COMMON_BLOCKS = YES;
				GCC_OPTIMIZATION_LEVEL = 0;
				GCC_PREPROCESSOR_DEFINITIONS = (
					"DEBUG=1",
					"$(inherited)",
				);
				GCC_WARN_64_TO_32_BIT_CONVERSION = YES;
				GCC_WARN_ABOUT_RETURN_TYPE = YES_ERROR;
				GCC_WARN_UNDECLARED_SELECTOR = YES;
				GCC_WARN_UNINITIALIZED_AUTOS = YES_AGGRESSIVE;
				GCC_WARN_UNUSED_FUNCTION = YES;
				GCC_WARN_UNUSED_VARIABLE = YES;
				IPHONEOS_DEPLOYMENT_TARGET = 10.3;
				MTL_ENABLE_DEBUG_INFO = YES;
				ONLY_ACTIVE_ARCH = YES;
				SDKROOT = iphoneos;
				SWIFT_ACTIVE_COMPILATION_CONDITIONS = DEBUG;
				SWIFT_OPTIMIZATION_LEVEL = "-Onone";
				TARGETED_DEVICE_FAMILY = "1,2";
			};
			name = Debug;
		};
		961AB3DF1F0629EC0094DE76 /* Release */ = {
			isa = XCBuildConfiguration;
			buildSettings = {
				ALWAYS_SEARCH_USER_PATHS = NO;
				CLANG_ANALYZER_NONNULL = YES;
				CLANG_ANALYZER_NUMBER_OBJECT_CONVERSION = YES_AGGRESSIVE;
				CLANG_CXX_LANGUAGE_STANDARD = "gnu++0x";
				CLANG_CXX_LIBRARY = "libc++";
				CLANG_ENABLE_MODULES = YES;
				CLANG_ENABLE_OBJC_ARC = YES;
				CLANG_WARN_BOOL_CONVERSION = YES;
				CLANG_WARN_CONSTANT_CONVERSION = YES;
				CLANG_WARN_DIRECT_OBJC_ISA_USAGE = YES_ERROR;
				CLANG_WARN_DOCUMENTATION_COMMENTS = YES;
				CLANG_WARN_EMPTY_BODY = YES;
				CLANG_WARN_ENUM_CONVERSION = YES;
				CLANG_WARN_INFINITE_RECURSION = YES;
				CLANG_WARN_INT_CONVERSION = YES;
				CLANG_WARN_OBJC_ROOT_CLASS = YES_ERROR;
				CLANG_WARN_SUSPICIOUS_MOVE = YES;
				CLANG_WARN_UNREACHABLE_CODE = YES;
				CLANG_WARN__DUPLICATE_METHOD_MATCH = YES;
				"CODE_SIGN_IDENTITY[sdk=iphoneos*]" = "iPhone Developer";
				COPY_PHASE_STRIP = NO;
				DEBUG_INFORMATION_FORMAT = "dwarf-with-dsym";
				ENABLE_NS_ASSERTIONS = NO;
				ENABLE_STRICT_OBJC_MSGSEND = YES;
				GCC_C_LANGUAGE_STANDARD = gnu99;
				GCC_NO_COMMON_BLOCKS = YES;
				GCC_WARN_64_TO_32_BIT_CONVERSION = YES;
				GCC_WARN_ABOUT_RETURN_TYPE = YES_ERROR;
				GCC_WARN_UNDECLARED_SELECTOR = YES;
				GCC_WARN_UNINITIALIZED_AUTOS = YES_AGGRESSIVE;
				GCC_WARN_UNUSED_FUNCTION = YES;
				GCC_WARN_UNUSED_VARIABLE = YES;
				IPHONEOS_DEPLOYMENT_TARGET = 10.3;
				MTL_ENABLE_DEBUG_INFO = NO;
				SDKROOT = iphoneos;
				SWIFT_OPTIMIZATION_LEVEL = "-Owholemodule";
				TARGETED_DEVICE_FAMILY = "1,2";
				VALIDATE_PRODUCT = YES;
			};
			name = Release;
		};
		961AB3E11F0629EC0094DE76 /* Debug */ = {
			isa = XCBuildConfiguration;
			buildSettings = {
				ASSETCATALOG_COMPILER_APPICON_NAME = AppIcon;
				DEVELOPMENT_TEAM = "";
				INFOPLIST_FILE = Closures/Info.plist;
				IPHONEOS_DEPLOYMENT_TARGET = 8.0;
				LD_RUNPATH_SEARCH_PATHS = "$(inherited) @executable_path/Frameworks";
				PRODUCT_BUNDLE_IDENTIFIER = com.ez.Closures;
				PRODUCT_NAME = "$(TARGET_NAME)";
				PROVISIONING_PROFILE_SPECIFIER = "";
				SWIFT_VERSION = 3.0;
			};
			name = Debug;
		};
		961AB3E21F0629EC0094DE76 /* Release */ = {
			isa = XCBuildConfiguration;
			buildSettings = {
				ASSETCATALOG_COMPILER_APPICON_NAME = AppIcon;
				DEVELOPMENT_TEAM = "";
				INFOPLIST_FILE = Closures/Info.plist;
				IPHONEOS_DEPLOYMENT_TARGET = 8.0;
				LD_RUNPATH_SEARCH_PATHS = "$(inherited) @executable_path/Frameworks";
				PRODUCT_BUNDLE_IDENTIFIER = com.ez.Closures;
				PRODUCT_NAME = "$(TARGET_NAME)";
				PROVISIONING_PROFILE_SPECIFIER = "";
				SWIFT_VERSION = 3.0;
			};
			name = Release;
		};
/* End XCBuildConfiguration section */

/* Begin XCConfigurationList section */
		961AB3C91F0629EC0094DE76 /* Build configuration list for PBXProject "Closures" */ = {
			isa = XCConfigurationList;
			buildConfigurations = (
				961AB3DE1F0629EC0094DE76 /* Debug */,
				961AB3DF1F0629EC0094DE76 /* Release */,
			);
			defaultConfigurationIsVisible = 0;
			defaultConfigurationName = Release;
		};
		961AB3E01F0629EC0094DE76 /* Build configuration list for PBXNativeTarget "Closures" */ = {
			isa = XCConfigurationList;
			buildConfigurations = (
				961AB3E11F0629EC0094DE76 /* Debug */,
				961AB3E21F0629EC0094DE76 /* Release */,
			);
			defaultConfigurationIsVisible = 0;
			defaultConfigurationName = Release;
		};
/* End XCConfigurationList section */
	};
	rootObject = 961AB3C61F0629EC0094DE76 /* Project object */;
}
