// !$*UTF8*$!
{
	archiveVersion = 1;
	classes = {
	};
	objectVersion = 46;
	objects = {

/* Begin PBXBuildFile section */
		96E38D451F14A3A400C33EE7 /* AppDelegate.swift in Sources */ = {isa = PBXBuildFile; fileRef = 96E38D441F14A3A400C33EE7 /* AppDelegate.swift */; };
		96E38D471F14A3A400C33EE7 /* ViewController.swift in Sources */ = {isa = PBXBuildFile; fileRef = 96E38D461F14A3A400C33EE7 /* ViewController.swift */; };
		96E38D4A1F14A3A400C33EE7 /* Main.storyboard in Resources */ = {isa = PBXBuildFile; fileRef = 96E38D481F14A3A400C33EE7 /* Main.storyboard */; };
		96E38D4C1F14A3A400C33EE7 /* Assets.xcassets in Resources */ = {isa = PBXBuildFile; fileRef = 96E38D4B1F14A3A400C33EE7 /* Assets.xcassets */; };
		96E38D4F1F14A3A400C33EE7 /* LaunchScreen.storyboard in Resources */ = {isa = PBXBuildFile; fileRef = 96E38D4D1F14A3A400C33EE7 /* LaunchScreen.storyboard */; };
		96E38D571F14A3B000C33EE7 /* ClassAndStruct.swift in Sources */ = {isa = PBXBuildFile; fileRef = 96E38D561F14A3B000C33EE7 /* ClassAndStruct.swift */; };
/* End PBXBuildFile section */

/* Begin PBXFileReference section */
		96E38D411F14A3A400C33EE7 /* ClassAndStruct.app */ = {isa = PBXFileReference; explicitFileType = wrapper.application; includeInIndex = 0; path = ClassAndStruct.app; sourceTree = BUILT_PRODUCTS_DIR; };
		96E38D441F14A3A400C33EE7 /* AppDelegate.swift */ = {isa = PBXFileReference; lastKnownFileType = sourcecode.swift; path = AppDelegate.swift; sourceTree = "<group>"; };
		96E38D461F14A3A400C33EE7 /* ViewController.swift */ = {isa = PBXFileReference; lastKnownFileType = sourcecode.swift; path = ViewController.swift; sourceTree = "<group>"; };
		96E38D491F14A3A400C33EE7 /* Base */ = {isa = PBXFileReference; lastKnownFileType = file.storyboard; name = Base; path = Base.lproj/Main.storyboard; sourceTree = "<group>"; };
		96E38D4B1F14A3A400C33EE7 /* Assets.xcassets */ = {isa = PBXFileReference; lastKnownFileType = folder.assetcatalog; path = Assets.xcassets; sourceTree = "<group>"; };
		96E38D4E1F14A3A400C33EE7 /* Base */ = {isa = PBXFileReference; lastKnownFileType = file.storyboard; name = Base; path = Base.lproj/LaunchScreen.storyboard; sourceTree = "<group>"; };
		96E38D501F14A3A500C33EE7 /* Info.plist */ = {isa = PBXFileReference; lastKnownFileType = text.plist.xml; path = Info.plist; sourceTree = "<group>"; };
		96E38D561F14A3B000C33EE7 /* ClassAndStruct.swift */ = {isa = PBXFileReference; fileEncoding = 4; lastKnownFileType = sourcecode.swift; path = ClassAndStruct.swift; sourceTree = "<group>"; };
/* End PBXFileReference section */

/* Begin PBXFrameworksBuildPhase section */
		96E38D3E1F14A3A400C33EE7 /* Frameworks */ = {
			isa = PBXFrameworksBuildPhase;
			buildActionMask = 2147483647;
			files = (
			);
			runOnlyForDeploymentPostprocessing = 0;
		};
/* End PBXFrameworksBuildPhase section */

/* Begin PBXGroup section */
		96E38D381F14A3A400C33EE7 = {
			isa = PBXGroup;
			children = (
				96E38D431F14A3A400C33EE7 /* ClassAndStruct */,
				96E38D421F14A3A400C33EE7 /* Products */,
			);
			sourceTree = "<group>";
		};
		96E38D421F14A3A400C33EE7 /* Products */ = {
			isa = PBXGroup;
			children = (
				96E38D411F14A3A400C33EE7 /* ClassAndStruct.app */,
			);
			name = Products;
			sourceTree = "<group>";
		};
		96E38D431F14A3A400C33EE7 /* ClassAndStruct */ = {
			isa = PBXGroup;
			children = (
				96E38D441F14A3A400C33EE7 /* AppDelegate.swift */,
				96E38D461F14A3A400C33EE7 /* ViewController.swift */,
				96E38D481F14A3A400C33EE7 /* Main.storyboard */,
				96E38D4B1F14A3A400C33EE7 /* Assets.xcassets */,
				96E38D4D1F14A3A400C33EE7 /* LaunchScreen.storyboard */,
				96E38D501F14A3A500C33EE7 /* Info.plist */,
				96E38D561F14A3B000C33EE7 /* ClassAndStruct.swift */,
			);
			path = ClassAndStruct;
			sourceTree = "<group>";
		};
/* End PBXGroup section */

/* Begin PBXNativeTarget section */
		96E38D401F14A3A400C33EE7 /* ClassAndStruct */ = {
			isa = PBXNativeTarget;
			buildConfigurationList = 96E38D531F14A3A500C33EE7 /* Build configuration list for PBXNativeTarget "ClassAndStruct" */;
			buildPhases = (
				96E38D3D1F14A3A400C33EE7 /* Sources */,
				96E38D3E1F14A3A400C33EE7 /* Frameworks */,
				96E38D3F1F14A3A400C33EE7 /* Resources */,
			);
			buildRules = (
			);
			dependencies = (
			);
			name = ClassAndStruct;
			productName = ClassAndStruct;
			productReference = 96E38D411F14A3A400C33EE7 /* ClassAndStruct.app */;
			productType = "com.apple.product-type.application";
		};
/* End PBXNativeTarget section */

/* Begin PBXProject section */
		96E38D391F14A3A400C33EE7 /* Project object */ = {
			isa = PBXProject;
			attributes = {
				LastSwiftUpdateCheck = 0830;
				LastUpgradeCheck = 0830;
				ORGANIZATIONNAME = Eastze;
				TargetAttributes = {
					96E38D401F14A3A400C33EE7 = {
						CreatedOnToolsVersion = 8.3.2;
						DevelopmentTeam = LX85784N9M;
						ProvisioningStyle = Manual;
					};
				};
			};
			buildConfigurationList = 96E38D3C1F14A3A400C33EE7 /* Build configuration list for PBXProject "ClassAndStruct" */;
			compatibilityVersion = "Xcode 3.2";
			developmentRegion = English;
			hasScannedForEncodings = 0;
			knownRegions = (
				en,
				Base,
			);
			mainGroup = 96E38D381F14A3A400C33EE7;
			productRefGroup = 96E38D421F14A3A400C33EE7 /* Products */;
			projectDirPath = "";
			projectRoot = "";
			targets = (
				96E38D401F14A3A400C33EE7 /* ClassAndStruct */,
			);
		};
/* End PBXProject section */

/* Begin PBXResourcesBuildPhase section */
		96E38D3F1F14A3A400C33EE7 /* Resources */ = {
			isa = PBXResourcesBuildPhase;
			buildActionMask = 2147483647;
			files = (
				96E38D4F1F14A3A400C33EE7 /* LaunchScreen.storyboard in Resources */,
				96E38D4C1F14A3A400C33EE7 /* Assets.xcassets in Resources */,
				96E38D4A1F14A3A400C33EE7 /* Main.storyboard in Resources */,
			);
			runOnlyForDeploymentPostprocessing = 0;
		};
/* End PBXResourcesBuildPhase section */

/* Begin PBXSourcesBuildPhase section */
		96E38D3D1F14A3A400C33EE7 /* Sources */ = {
			isa = PBXSourcesBuildPhase;
			buildActionMask = 2147483647;
			files = (
				96E38D571F14A3B000C33EE7 /* ClassAndStruct.swift in Sources */,
				96E38D471F14A3A400C33EE7 /* ViewController.swift in Sources */,
				96E38D451F14A3A400C33EE7 /* AppDelegate.swift in Sources */,
			);
			runOnlyForDeploymentPostprocessing = 0;
		};
/* End PBXSourcesBuildPhase section */

/* Begin PBXVariantGroup section */
		96E38D481F14A3A400C33EE7 /* Main.storyboard */ = {
			isa = PBXVariantGroup;
			children = (
				96E38D491F14A3A400C33EE7 /* Base */,
			);
			name = Main.storyboard;
			sourceTree = "<group>";
		};
		96E38D4D1F14A3A400C33EE7 /* LaunchScreen.storyboard */ = {
			isa = PBXVariantGroup;
			children = (
				96E38D4E1F14A3A400C33EE7 /* Base */,
			);
			name = LaunchScreen.storyboard;
			sourceTree = "<group>";
		};
/* End PBXVariantGroup section */

/* Begin XCBuildConfiguration section */
		96E38D511F14A3A500C33EE7 /* Debug */ = {
			isa = XCBuildConfiguration;
			buildSettings = {
				ALWAYS_SEARCH_USER_PATHS = NO;
				CLANG_ANALYZER_NONNULL = YES;
				CLANG_ANALYZER_NUMBER_OBJECT_CONVERSION = YES_AGGRESSIVE;
				CLANG_CXX_LANGUAGE_STANDARD = "gnu++0x";
				CLANG_CXX_LIBRARY = "libc++";
				CLANG_ENABLE_MODULES = YES;
				CLANG_ENABLE_OBJC_ARC = YES;
				CLANG_WARN_BOOL_CONVERSION = YES;
				CLANG_WARN_CONSTANT_CONVERSION = YES;
				CLANG_WARN_DIRECT_OBJC_ISA_USAGE = YES_ERROR;
				CLANG_WARN_DOCUMENTATION_COMMENTS = YES;
				CLANG_WARN_EMPTY_BODY = YES;
				CLANG_WARN_ENUM_CONVERSION = YES;
				CLANG_WARN_INFINITE_RECURSION = YES;
				CLANG_WARN_INT_CONVERSION = YES;
				CLANG_WARN_OBJC_ROOT_CLASS = YES_ERROR;
				CLANG_WARN_SUSPICIOUS_MOVE = YES;
				CLANG_WARN_UNREACHABLE_CODE = YES;
				CLANG_WARN__DUPLICATE_METHOD_MATCH = YES;
				"CODE_SIGN_IDENTITY[sdk=iphoneos*]" = "iPhone Developer";
				COPY_PHASE_STRIP = NO;
				DEBUG_INFORMATION_FORMAT = dwarf;
				ENABLE_STRICT_OBJC_MSGSEND = YES;
				ENABLE_TESTABILITY = YES;
				GCC_C_LANGUAGE_STANDARD = gnu99;
				GCC_DYNAMIC_NO_PIC = NO;
				GCC_NO_COMMON_BLOCKS = YES;
				GCC_OPTIMIZATION_LEVEL = 0;
				GCC_PREPROCESSOR_DEFINITIONS = (
					"DEBUG=1",
					"$(inherited)",
				);
				GCC_WARN_64_TO_32_BIT_CONVERSION = YES;
				GCC_WARN_ABOUT_RETURN_TYPE = YES_ERROR;
				GCC_WARN_UNDECLARED_SELECTOR = YES;
				GCC_WARN_UNINITIALIZED_AUTOS = YES_AGGRESSIVE;
				GCC_WARN_UNUSED_FUNCTION = YES;
				GCC_WARN_UNUSED_VARIABLE = YES;
				IPHONEOS_DEPLOYMENT_TARGET = 10.3;
				MTL_ENABLE_DEBUG_INFO = YES;
				ONLY_ACTIVE_ARCH = YES;
				SDKROOT = iphoneos;
				SWIFT_ACTIVE_COMPILATION_CONDITIONS = DEBUG;
				SWIFT_OPTIMIZATION_LEVEL = "-Onone";
				TARGETED_DEVICE_FAMILY = "1,2";
			};
			name = Debug;
		};
		96E38D521F14A3A500C33EE7 /* Release */ = {
			isa = XCBuildConfiguration;
			buildSettings = {
				ALWAYS_SEARCH_USER_PATHS = NO;
				CLANG_ANALYZER_NONNULL = YES;
				CLANG_ANALYZER_NUMBER_OBJECT_CONVERSION = YES_AGGRESSIVE;
				CLANG_CXX_LANGUAGE_STANDARD = "gnu++0x";
				CLANG_CXX_LIBRARY = "libc++";
				CLANG_ENABLE_MODULES = YES;
				CLANG_ENABLE_OBJC_ARC = YES;
				CLANG_WARN_BOOL_CONVERSION = YES;
				CLANG_WARN_CONSTANT_CONVERSION = YES;
				CLANG_WARN_DIRECT_OBJC_ISA_USAGE = YES_ERROR;
				CLANG_WARN_DOCUMENTATION_COMMENTS = YES;
				CLANG_WARN_EMPTY_BODY = YES;
				CLANG_WARN_ENUM_CONVERSION = YES;
				CLANG_WARN_INFINITE_RECURSION = YES;
				CLANG_WARN_INT_CONVERSION = YES;
				CLANG_WARN_OBJC_ROOT_CLASS = YES_ERROR;
				CLANG_WARN_SUSPICIOUS_MOVE = YES;
				CLANG_WARN_UNREACHABLE_CODE = YES;
				CLANG_WARN__DUPLICATE_METHOD_MATCH = YES;
				"CODE_SIGN_IDENTITY[sdk=iphoneos*]" = "iPhone Developer";
				COPY_PHASE_STRIP = NO;
				DEBUG_INFORMATION_FORMAT = "dwarf-with-dsym";
				ENABLE_NS_ASSERTIONS = NO;
				ENABLE_STRICT_OBJC_MSGSEND = YES;
				GCC_C_LANGUAGE_STANDARD = gnu99;
				GCC_NO_COMMON_BLOCKS = YES;
				GCC_WARN_64_TO_32_BIT_CONVERSION = YES;
				GCC_WARN_ABOUT_RETURN_TYPE = YES_ERROR;
				GCC_WARN_UNDECLARED_SELECTOR = YES;
				GCC_WARN_UNINITIALIZED_AUTOS = YES_AGGRESSIVE;
				GCC_WARN_UNUSED_FUNCTION = YES;
				GCC_WARN_UNUSED_VARIABLE = YES;
				IPHONEOS_DEPLOYMENT_TARGET = 10.3;
				MTL_ENABLE_DEBUG_INFO = NO;
				SDKROOT = iphoneos;
				SWIFT_OPTIMIZATION_LEVEL = "-Owholemodule";
				TARGETED_DEVICE_FAMILY = "1,2";
				VALIDATE_PRODUCT = YES;
			};
			name = Release;
		};
		96E38D541F14A3A500C33EE7 /* Debug */ = {
			isa = XCBuildConfiguration;
			buildSettings = {
				ASSETCATALOG_COMPILER_APPICON_NAME = AppIcon;
				DEVELOPMENT_TEAM = LX85784N9M;
				INFOPLIST_FILE = ClassAndStruct/Info.plist;
				IPHONEOS_DEPLOYMENT_TARGET = 8.0;
				LD_RUNPATH_SEARCH_PATHS = "$(inherited) @executable_path/Frameworks";
				PRODUCT_BUNDLE_IDENTIFIER = com.ez.ClassAndStruct;
				PRODUCT_NAME = "$(TARGET_NAME)";
				PROVISIONING_PROFILE = "c04cc49d-9b80-4e2a-a8c6-9a7e6caf793c";
				PROVISIONING_PROFILE_SPECIFIER = "xc-universal-dev";
				SWIFT_VERSION = 3.0;
			};
			name = Debug;
		};
		96E38D551F14A3A500C33EE7 /* Release */ = {
			isa = XCBuildConfiguration;
			buildSettings = {
				ASSETCATALOG_COMPILER_APPICON_NAME = AppIcon;
				DEVELOPMENT_TEAM = LX85784N9M;
				INFOPLIST_FILE = ClassAndStruct/Info.plist;
				IPHONEOS_DEPLOYMENT_TARGET = 8.0;
				LD_RUNPATH_SEARCH_PATHS = "$(inherited) @executable_path/Frameworks";
				PRODUCT_BUNDLE_IDENTIFIER = com.ez.ClassAndStruct;
				PRODUCT_NAME = "$(TARGET_NAME)";
				PROVISIONING_PROFILE = "c04cc49d-9b80-4e2a-a8c6-9a7e6caf793c";
				PROVISIONING_PROFILE_SPECIFIER = "xc-universal-dev";
				SWIFT_VERSION = 3.0;
			};
			name = Release;
		};
/* End XCBuildConfiguration section */

/* Begin XCConfigurationList section */
		96E38D3C1F14A3A400C33EE7 /* Build configuration list for PBXProject "ClassAndStruct" */ = {
			isa = XCConfigurationList;
			buildConfigurations = (
				96E38D511F14A3A500C33EE7 /* Debug */,
				96E38D521F14A3A500C33EE7 /* Release */,
			);
			defaultConfigurationIsVisible = 0;
			defaultConfigurationName = Release;
		};
		96E38D531F14A3A500C33EE7 /* Build configuration list for PBXNativeTarget "ClassAndStruct" */ = {
			isa = XCConfigurationList;
			buildConfigurations = (
				96E38D541F14A3A500C33EE7 /* Debug */,
				96E38D551F14A3A500C33EE7 /* Release */,
			);
			defaultConfigurationIsVisible = 0;
		};
/* End XCConfigurationList section */
	};
	rootObject = 96E38D391F14A3A400C33EE7 /* Project object */;
}
