// !$*UTF8*$!
{
	archiveVersion = 1;
	classes = {
	};
	objectVersion = 46;
	objects = {

/* Begin PBXBuildFile section */
		9622AA0A1F8CAA9000BDFCA7 /* Properties.swift in Sources */ = {isa = PBXBuildFile; fileRef = 96B16B151F178B1400FD6B92 /* Properties.swift */; };
		96B16B041F178AF000FD6B92 /* AppDelegate.swift in Sources */ = {isa = PBXBuildFile; fileRef = 96B16B031F178AF000FD6B92 /* AppDelegate.swift */; };
		96B16B061F178AF000FD6B92 /* ViewController.swift in Sources */ = {isa = PBXBuildFile; fileRef = 96B16B051F178AF000FD6B92 /* ViewController.swift */; };
		96B16B091F178AF000FD6B92 /* Main.storyboard in Resources */ = {isa = PBXBuildFile; fileRef = 96B16B071F178AF000FD6B92 /* Main.storyboard */; };
		96B16B0B1F178AF000FD6B92 /* Assets.xcassets in Resources */ = {isa = PBXBuildFile; fileRef = 96B16B0A1F178AF000FD6B92 /* Assets.xcassets */; };
		96B16B0E1F178AF000FD6B92 /* LaunchScreen.storyboard in Resources */ = {isa = PBXBuildFile; fileRef = 96B16B0C1F178AF000FD6B92 /* LaunchScreen.storyboard */; };
/* End PBXBuildFile section */

/* Begin PBXFileReference section */
		96B16B001F178AF000FD6B92 /* Properties.app */ = {isa = PBXFileReference; explicitFileType = wrapper.application; includeInIndex = 0; path = Properties.app; sourceTree = BUILT_PRODUCTS_DIR; };
		96B16B031F178AF000FD6B92 /* AppDelegate.swift */ = {isa = PBXFileReference; lastKnownFileType = sourcecode.swift; path = AppDelegate.swift; sourceTree = "<group>"; };
		96B16B051F178AF000FD6B92 /* ViewController.swift */ = {isa = PBXFileReference; lastKnownFileType = sourcecode.swift; path = ViewController.swift; sourceTree = "<group>"; };
		96B16B081F178AF000FD6B92 /* Base */ = {isa = PBXFileReference; lastKnownFileType = file.storyboard; name = Base; path = Base.lproj/Main.storyboard; sourceTree = "<group>"; };
		96B16B0A1F178AF000FD6B92 /* Assets.xcassets */ = {isa = PBXFileReference; lastKnownFileType = folder.assetcatalog; path = Assets.xcassets; sourceTree = "<group>"; };
		96B16B0D1F178AF000FD6B92 /* Base */ = {isa = PBXFileReference; lastKnownFileType = file.storyboard; name = Base; path = Base.lproj/LaunchScreen.storyboard; sourceTree = "<group>"; };
		96B16B0F1F178AF000FD6B92 /* Info.plist */ = {isa = PBXFileReference; lastKnownFileType = text.plist.xml; path = Info.plist; sourceTree = "<group>"; };
		96B16B151F178B1400FD6B92 /* Properties.swift */ = {isa = PBXFileReference; fileEncoding = 4; lastKnownFileType = sourcecode.swift; path = Properties.swift; sourceTree = "<group>"; };
/* End PBXFileReference section */

/* Begin PBXFrameworksBuildPhase section */
		96B16AFD1F178AF000FD6B92 /* Frameworks */ = {
			isa = PBXFrameworksBuildPhase;
			buildActionMask = 2147483647;
			files = (
			);
			runOnlyForDeploymentPostprocessing = 0;
		};
/* End PBXFrameworksBuildPhase section */

/* Begin PBXGroup section */
		96B16AF71F178AF000FD6B92 = {
			isa = PBXGroup;
			children = (
				96B16B021F178AF000FD6B92 /* Properties */,
				96B16B011F178AF000FD6B92 /* Products */,
			);
			sourceTree = "<group>";
		};
		96B16B011F178AF000FD6B92 /* Products */ = {
			isa = PBXGroup;
			children = (
				96B16B001F178AF000FD6B92 /* Properties.app */,
			);
			name = Products;
			sourceTree = "<group>";
		};
		96B16B021F178AF000FD6B92 /* Properties */ = {
			isa = PBXGroup;
			children = (
				96B16B031F178AF000FD6B92 /* AppDelegate.swift */,
				96B16B051F178AF000FD6B92 /* ViewController.swift */,
				96B16B071F178AF000FD6B92 /* Main.storyboard */,
				96B16B0A1F178AF000FD6B92 /* Assets.xcassets */,
				96B16B0C1F178AF000FD6B92 /* LaunchScreen.storyboard */,
				96B16B0F1F178AF000FD6B92 /* Info.plist */,
				96B16B151F178B1400FD6B92 /* Properties.swift */,
			);
			path = Properties;
			sourceTree = "<group>";
		};
/* End PBXGroup section */

/* Begin PBXNativeTarget section */
		96B16AFF1F178AF000FD6B92 /* Properties */ = {
			isa = PBXNativeTarget;
			buildConfigurationList = 96B16B121F178AF000FD6B92 /* Build configuration list for PBXNativeTarget "Properties" */;
			buildPhases = (
				96B16AFC1F178AF000FD6B92 /* Sources */,
				96B16AFD1F178AF000FD6B92 /* Frameworks */,
				96B16AFE1F178AF000FD6B92 /* Resources */,
			);
			buildRules = (
			);
			dependencies = (
			);
			name = Properties;
			productName = Properties;
			productReference = 96B16B001F178AF000FD6B92 /* Properties.app */;
			productType = "com.apple.product-type.application";
		};
/* End PBXNativeTarget section */

/* Begin PBXProject section */
		96B16AF81F178AF000FD6B92 /* Project object */ = {
			isa = PBXProject;
			attributes = {
				LastSwiftUpdateCheck = 0830;
				LastUpgradeCheck = 0830;
				ORGANIZATIONNAME = Eastze;
				TargetAttributes = {
					96B16AFF1F178AF000FD6B92 = {
						CreatedOnToolsVersion = 8.3.2;
						DevelopmentTeam = LX85784N9M;
						ProvisioningStyle = Manual;
					};
				};
			};
			buildConfigurationList = 96B16AFB1F178AF000FD6B92 /* Build configuration list for PBXProject "Properties" */;
			compatibilityVersion = "Xcode 3.2";
			developmentRegion = English;
			hasScannedForEncodings = 0;
			knownRegions = (
				en,
				Base,
			);
			mainGroup = 96B16AF71F178AF000FD6B92;
			productRefGroup = 96B16B011F178AF000FD6B92 /* Products */;
			projectDirPath = "";
			projectRoot = "";
			targets = (
				96B16AFF1F178AF000FD6B92 /* Properties */,
			);
		};
/* End PBXProject section */

/* Begin PBXResourcesBuildPhase section */
		96B16AFE1F178AF000FD6B92 /* Resources */ = {
			isa = PBXResourcesBuildPhase;
			buildActionMask = 2147483647;
			files = (
				96B16B0E1F178AF000FD6B92 /* LaunchScreen.storyboard in Resources */,
				96B16B0B1F178AF000FD6B92 /* Assets.xcassets in Resources */,
				96B16B091F178AF000FD6B92 /* Main.storyboard in Resources */,
			);
			runOnlyForDeploymentPostprocessing = 0;
		};
/* End PBXResourcesBuildPhase section */

/* Begin PBXSourcesBuildPhase section */
		96B16AFC1F178AF000FD6B92 /* Sources */ = {
			isa = PBXSourcesBuildPhase;
			buildActionMask = 2147483647;
			files = (
				9622AA0A1F8CAA9000BDFCA7 /* Properties.swift in Sources */,
				96B16B061F178AF000FD6B92 /* ViewController.swift in Sources */,
				96B16B041F178AF000FD6B92 /* AppDelegate.swift in Sources */,
			);
			runOnlyForDeploymentPostprocessing = 0;
		};
/* End PBXSourcesBuildPhase section */

/* Begin PBXVariantGroup section */
		96B16B071F178AF000FD6B92 /* Main.storyboard */ = {
			isa = PBXVariantGroup;
			children = (
				96B16B081F178AF000FD6B92 /* Base */,
			);
			name = Main.storyboard;
			sourceTree = "<group>";
		};
		96B16B0C1F178AF000FD6B92 /* LaunchScreen.storyboard */ = {
			isa = PBXVariantGroup;
			children = (
				96B16B0D1F178AF000FD6B92 /* Base */,
			);
			name = LaunchScreen.storyboard;
			sourceTree = "<group>";
		};
/* End PBXVariantGroup section */

/* Begin XCBuildConfiguration section */
		96B16B101F178AF000FD6B92 /* Debug */ = {
			isa = XCBuildConfiguration;
			buildSettings = {
				ALWAYS_SEARCH_USER_PATHS = NO;
				CLANG_ANALYZER_NONNULL = YES;
				CLANG_ANALYZER_NUMBER_OBJECT_CONVERSION = YES_AGGRESSIVE;
				CLANG_CXX_LANGUAGE_STANDARD = "gnu++0x";
				CLANG_CXX_LIBRARY = "libc++";
				CLANG_ENABLE_MODULES = YES;
				CLANG_ENABLE_OBJC_ARC = YES;
				CLANG_WARN_BOOL_CONVERSION = YES;
				CLANG_WARN_CONSTANT_CONVERSION = YES;
				CLANG_WARN_DIRECT_OBJC_ISA_USAGE = YES_ERROR;
				CLANG_WARN_DOCUMENTATION_COMMENTS = YES;
				CLANG_WARN_EMPTY_BODY = YES;
				CLANG_WARN_ENUM_CONVERSION = YES;
				CLANG_WARN_INFINITE_RECURSION = YES;
				CLANG_WARN_INT_CONVERSION = YES;
				CLANG_WARN_OBJC_ROOT_CLASS = YES_ERROR;
				CLANG_WARN_SUSPICIOUS_MOVE = YES;
				CLANG_WARN_UNREACHABLE_CODE = YES;
				CLANG_WARN__DUPLICATE_METHOD_MATCH = YES;
				"CODE_SIGN_IDENTITY[sdk=iphoneos*]" = "iPhone Developer";
				COPY_PHASE_STRIP = NO;
				DEBUG_INFORMATION_FORMAT = dwarf;
				ENABLE_STRICT_OBJC_MSGSEND = YES;
				ENABLE_TESTABILITY = YES;
				GCC_C_LANGUAGE_STANDARD = gnu99;
				GCC_DYNAMIC_NO_PIC = NO;
				GCC_NO_COMMON_BLOCKS = YES;
				GCC_OPTIMIZATION_LEVEL = 0;
				GCC_PREPROCESSOR_DEFINITIONS = (
					"DEBUG=1",
					"$(inherited)",
				);
				GCC_WARN_64_TO_32_BIT_CONVERSION = YES;
				GCC_WARN_ABOUT_RETURN_TYPE = YES_ERROR;
				GCC_WARN_UNDECLARED_SELECTOR = YES;
				GCC_WARN_UNINITIALIZED_AUTOS = YES_AGGRESSIVE;
				GCC_WARN_UNUSED_FUNCTION = YES;
				GCC_WARN_UNUSED_VARIABLE = YES;
				IPHONEOS_DEPLOYMENT_TARGET = 10.3;
				MTL_ENABLE_DEBUG_INFO = YES;
				ONLY_ACTIVE_ARCH = YES;
				SDKROOT = iphoneos;
				SWIFT_ACTIVE_COMPILATION_CONDITIONS = DEBUG;
				SWIFT_OPTIMIZATION_LEVEL = "-Onone";
				TARGETED_DEVICE_FAMILY = "1,2";
			};
			name = Debug;
		};
		96B16B111F178AF000FD6B92 /* Release */ = {
			isa = XCBuildConfiguration;
			buildSettings = {
				ALWAYS_SEARCH_USER_PATHS = NO;
				CLANG_ANALYZER_NONNULL = YES;
				CLANG_ANALYZER_NUMBER_OBJECT_CONVERSION = YES_AGGRESSIVE;
				CLANG_CXX_LANGUAGE_STANDARD = "gnu++0x";
				CLANG_CXX_LIBRARY = "libc++";
				CLANG_ENABLE_MODULES = YES;
				CLANG_ENABLE_OBJC_ARC = YES;
				CLANG_WARN_BOOL_CONVERSION = YES;
				CLANG_WARN_CONSTANT_CONVERSION = YES;
				CLANG_WARN_DIRECT_OBJC_ISA_USAGE = YES_ERROR;
				CLANG_WARN_DOCUMENTATION_COMMENTS = YES;
				CLANG_WARN_EMPTY_BODY = YES;
				CLANG_WARN_ENUM_CONVERSION = YES;
				CLANG_WARN_INFINITE_RECURSION = YES;
				CLANG_WARN_INT_CONVERSION = YES;
				CLANG_WARN_OBJC_ROOT_CLASS = YES_ERROR;
				CLANG_WARN_SUSPICIOUS_MOVE = YES;
				CLANG_WARN_UNREACHABLE_CODE = YES;
				CLANG_WARN__DUPLICATE_METHOD_MATCH = YES;
				"CODE_SIGN_IDENTITY[sdk=iphoneos*]" = "iPhone Developer";
				COPY_PHASE_STRIP = NO;
				DEBUG_INFORMATION_FORMAT = "dwarf-with-dsym";
				ENABLE_NS_ASSERTIONS = NO;
				ENABLE_STRICT_OBJC_MSGSEND = YES;
				GCC_C_LANGUAGE_STANDARD = gnu99;
				GCC_NO_COMMON_BLOCKS = YES;
				GCC_WARN_64_TO_32_BIT_CONVERSION = YES;
				GCC_WARN_ABOUT_RETURN_TYPE = YES_ERROR;
				GCC_WARN_UNDECLARED_SELECTOR = YES;
				GCC_WARN_UNINITIALIZED_AUTOS = YES_AGGRESSIVE;
				GCC_WARN_UNUSED_FUNCTION = YES;
				GCC_WARN_UNUSED_VARIABLE = YES;
				IPHONEOS_DEPLOYMENT_TARGET = 10.3;
				MTL_ENABLE_DEBUG_INFO = NO;
				SDKROOT = iphoneos;
				SWIFT_OPTIMIZATION_LEVEL = "-Owholemodule";
				TARGETED_DEVICE_FAMILY = "1,2";
				VALIDATE_PRODUCT = YES;
			};
			name = Release;
		};
		96B16B131F178AF000FD6B92 /* Debug */ = {
			isa = XCBuildConfiguration;
			buildSettings = {
				ASSETCATALOG_COMPILER_APPICON_NAME = AppIcon;
				DEVELOPMENT_TEAM = LX85784N9M;
				INFOPLIST_FILE = Properties/Info.plist;
				IPHONEOS_DEPLOYMENT_TARGET = 8.0;
				LD_RUNPATH_SEARCH_PATHS = "$(inherited) @executable_path/Frameworks";
				PRODUCT_BUNDLE_IDENTIFIER = com.ez.Properties;
				PRODUCT_NAME = "$(TARGET_NAME)";
				PROVISIONING_PROFILE = "c04cc49d-9b80-4e2a-a8c6-9a7e6caf793c";
				PROVISIONING_PROFILE_SPECIFIER = "xc-universal-dev";
				SWIFT_VERSION = 3.0;
			};
			name = Debug;
		};
		96B16B141F178AF000FD6B92 /* Release */ = {
			isa = XCBuildConfiguration;
			buildSettings = {
				ASSETCATALOG_COMPILER_APPICON_NAME = AppIcon;
				DEVELOPMENT_TEAM = LX85784N9M;
				INFOPLIST_FILE = Properties/Info.plist;
				IPHONEOS_DEPLOYMENT_TARGET = 8.0;
				LD_RUNPATH_SEARCH_PATHS = "$(inherited) @executable_path/Frameworks";
				PRODUCT_BUNDLE_IDENTIFIER = com.ez.Properties;
				PRODUCT_NAME = "$(TARGET_NAME)";
				PROVISIONING_PROFILE = "c04cc49d-9b80-4e2a-a8c6-9a7e6caf793c";
				PROVISIONING_PROFILE_SPECIFIER = "xc-universal-dev";
				SWIFT_VERSION = 3.0;
			};
			name = Release;
		};
/* End XCBuildConfiguration section */

/* Begin XCConfigurationList section */
		96B16AFB1F178AF000FD6B92 /* Build configuration list for PBXProject "Properties" */ = {
			isa = XCConfigurationList;
			buildConfigurations = (
				96B16B101F178AF000FD6B92 /* Debug */,
				96B16B111F178AF000FD6B92 /* Release */,
			);
			defaultConfigurationIsVisible = 0;
			defaultConfigurationName = Release;
		};
		96B16B121F178AF000FD6B92 /* Build configuration list for PBXNativeTarget "Properties" */ = {
			isa = XCConfigurationList;
			buildConfigurations = (
				96B16B131F178AF000FD6B92 /* Debug */,
				96B16B141F178AF000FD6B92 /* Release */,
			);
			defaultConfigurationIsVisible = 0;
			defaultConfigurationName = Release;
		};
/* End XCConfigurationList section */
	};
	rootObject = 96B16AF81F178AF000FD6B92 /* Project object */;
}
