// !$*UTF8*$!
{
	archiveVersion = 1;
	classes = {
	};
	objectVersion = 48;
	objects = {

/* Begin PBXBuildFile section */
		96AC92751F99AAB500F1FC9E /* AppDelegate.swift in Sources */ = {isa = PBXBuildFile; fileRef = 96AC92741F99AAB500F1FC9E /* AppDelegate.swift */; };
		96AC92771F99AAB500F1FC9E /* ViewController.swift in Sources */ = {isa = PBXBuildFile; fileRef = 96AC92761F99AAB500F1FC9E /* ViewController.swift */; };
		96AC927A1F99AAB500F1FC9E /* Main.storyboard in Resources */ = {isa = PBXBuildFile; fileRef = 96AC92781F99AAB500F1FC9E /* Main.storyboard */; };
		96AC927C1F99AAB500F1FC9E /* Assets.xcassets in Resources */ = {isa = PBXBuildFile; fileRef = 96AC927B1F99AAB500F1FC9E /* Assets.xcassets */; };
		96AC927F1F99AAB500F1FC9E /* LaunchScreen.storyboard in Resources */ = {isa = PBXBuildFile; fileRef = 96AC927D1F99AAB500F1FC9E /* LaunchScreen.storyboard */; };
		96AC92871F99AB2C00F1FC9E /* ConstructorUsage.swift in Sources */ = {isa = PBXBuildFile; fileRef = 96AC92861F99AB2C00F1FC9E /* ConstructorUsage.swift */; };
/* End PBXBuildFile section */

/* Begin PBXFileReference section */
		96AC92711F99AAB500F1FC9E /* Constructor.app */ = {isa = PBXFileReference; explicitFileType = wrapper.application; includeInIndex = 0; path = Constructor.app; sourceTree = BUILT_PRODUCTS_DIR; };
		96AC92741F99AAB500F1FC9E /* AppDelegate.swift */ = {isa = PBXFileReference; lastKnownFileType = sourcecode.swift; path = AppDelegate.swift; sourceTree = "<group>"; };
		96AC92761F99AAB500F1FC9E /* ViewController.swift */ = {isa = PBXFileReference; lastKnownFileType = sourcecode.swift; path = ViewController.swift; sourceTree = "<group>"; };
		96AC92791F99AAB500F1FC9E /* Base */ = {isa = PBXFileReference; lastKnownFileType = file.storyboard; name = Base; path = Base.lproj/Main.storyboard; sourceTree = "<group>"; };
		96AC927B1F99AAB500F1FC9E /* Assets.xcassets */ = {isa = PBXFileReference; lastKnownFileType = folder.assetcatalog; path = Assets.xcassets; sourceTree = "<group>"; };
		96AC927E1F99AAB500F1FC9E /* Base */ = {isa = PBXFileReference; lastKnownFileType = file.storyboard; name = Base; path = Base.lproj/LaunchScreen.storyboard; sourceTree = "<group>"; };
		96AC92801F99AAB500F1FC9E /* Info.plist */ = {isa = PBXFileReference; lastKnownFileType = text.plist.xml; path = Info.plist; sourceTree = "<group>"; };
		96AC92861F99AB2C00F1FC9E /* ConstructorUsage.swift */ = {isa = PBXFileReference; lastKnownFileType = sourcecode.swift; path = ConstructorUsage.swift; sourceTree = "<group>"; };
/* End PBXFileReference section */

/* Begin PBXFrameworksBuildPhase section */
		96AC926E1F99AAB500F1FC9E /* Frameworks */ = {
			isa = PBXFrameworksBuildPhase;
			buildActionMask = 2147483647;
			files = (
			);
			runOnlyForDeploymentPostprocessing = 0;
		};
/* End PBXFrameworksBuildPhase section */

/* Begin PBXGroup section */
		96AC92681F99AAB500F1FC9E = {
			isa = PBXGroup;
			children = (
				96AC92731F99AAB500F1FC9E /* Constructor */,
				96AC92721F99AAB500F1FC9E /* Products */,
			);
			sourceTree = "<group>";
		};
		96AC92721F99AAB500F1FC9E /* Products */ = {
			isa = PBXGroup;
			children = (
				96AC92711F99AAB500F1FC9E /* Constructor.app */,
			);
			name = Products;
			sourceTree = "<group>";
		};
		96AC92731F99AAB500F1FC9E /* Constructor */ = {
			isa = PBXGroup;
			children = (
				96AC92741F99AAB500F1FC9E /* AppDelegate.swift */,
				96AC92761F99AAB500F1FC9E /* ViewController.swift */,
				96AC92781F99AAB500F1FC9E /* Main.storyboard */,
				96AC927B1F99AAB500F1FC9E /* Assets.xcassets */,
				96AC927D1F99AAB500F1FC9E /* LaunchScreen.storyboard */,
				96AC92801F99AAB500F1FC9E /* Info.plist */,
				96AC92861F99AB2C00F1FC9E /* ConstructorUsage.swift */,
			);
			path = Constructor;
			sourceTree = "<group>";
		};
/* End PBXGroup section */

/* Begin PBXNativeTarget section */
		96AC92701F99AAB500F1FC9E /* Constructor */ = {
			isa = PBXNativeTarget;
			buildConfigurationList = 96AC92831F99AAB500F1FC9E /* Build configuration list for PBXNativeTarget "Constructor" */;
			buildPhases = (
				96AC926D1F99AAB500F1FC9E /* Sources */,
				96AC926E1F99AAB500F1FC9E /* Frameworks */,
				96AC926F1F99AAB500F1FC9E /* Resources */,
			);
			buildRules = (
			);
			dependencies = (
			);
			name = Constructor;
			productName = Constructor;
			productReference = 96AC92711F99AAB500F1FC9E /* Constructor.app */;
			productType = "com.apple.product-type.application";
		};
/* End PBXNativeTarget section */

/* Begin PBXProject section */
		96AC92691F99AAB500F1FC9E /* Project object */ = {
			isa = PBXProject;
			attributes = {
				LastSwiftUpdateCheck = 0900;
				LastUpgradeCheck = 0900;
				ORGANIZATIONNAME = Eastze;
				TargetAttributes = {
					96AC92701F99AAB500F1FC9E = {
						CreatedOnToolsVersion = 9.0;
						ProvisioningStyle = Manual;
					};
				};
			};
			buildConfigurationList = 96AC926C1F99AAB500F1FC9E /* Build configuration list for PBXProject "Constructor" */;
			compatibilityVersion = "Xcode 8.0";
			developmentRegion = en;
			hasScannedForEncodings = 0;
			knownRegions = (
				en,
				Base,
			);
			mainGroup = 96AC92681F99AAB500F1FC9E;
			productRefGroup = 96AC92721F99AAB500F1FC9E /* Products */;
			projectDirPath = "";
			projectRoot = "";
			targets = (
				96AC92701F99AAB500F1FC9E /* Constructor */,
			);
		};
/* End PBXProject section */

/* Begin PBXResourcesBuildPhase section */
		96AC926F1F99AAB500F1FC9E /* Resources */ = {
			isa = PBXResourcesBuildPhase;
			buildActionMask = 2147483647;
			files = (
				96AC927F1F99AAB500F1FC9E /* LaunchScreen.storyboard in Resources */,
				96AC927C1F99AAB500F1FC9E /* Assets.xcassets in Resources */,
				96AC927A1F99AAB500F1FC9E /* Main.storyboard in Resources */,
			);
			runOnlyForDeploymentPostprocessing = 0;
		};
/* End PBXResourcesBuildPhase section */

/* Begin PBXSourcesBuildPhase section */
		96AC926D1F99AAB500F1FC9E /* Sources */ = {
			isa = PBXSourcesBuildPhase;
			buildActionMask = 2147483647;
			files = (
				96AC92771F99AAB500F1FC9E /* ViewController.swift in Sources */,
				96AC92871F99AB2C00F1FC9E /* ConstructorUsage.swift in Sources */,
				96AC92751F99AAB500F1FC9E /* AppDelegate.swift in Sources */,
			);
			runOnlyForDeploymentPostprocessing = 0;
		};
/* End PBXSourcesBuildPhase section */

/* Begin PBXVariantGroup section */
		96AC92781F99AAB500F1FC9E /* Main.storyboard */ = {
			isa = PBXVariantGroup;
			children = (
				96AC92791F99AAB500F1FC9E /* Base */,
			);
			name = Main.storyboard;
			sourceTree = "<group>";
		};
		96AC927D1F99AAB500F1FC9E /* LaunchScreen.storyboard */ = {
			isa = PBXVariantGroup;
			children = (
				96AC927E1F99AAB500F1FC9E /* Base */,
			);
			name = LaunchScreen.storyboard;
			sourceTree = "<group>";
		};
/* End PBXVariantGroup section */

/* Begin XCBuildConfiguration section */
		96AC92811F99AAB500F1FC9E /* Debug */ = {
			isa = XCBuildConfiguration;
			buildSettings = {
				ALWAYS_SEARCH_USER_PATHS = NO;
				CLANG_ANALYZER_NONNULL = YES;
				CLANG_ANALYZER_NUMBER_OBJECT_CONVERSION = YES_AGGRESSIVE;
				CLANG_CXX_LANGUAGE_STANDARD = "gnu++14";
				CLANG_CXX_LIBRARY = "libc++";
				CLANG_ENABLE_MODULES = YES;
				CLANG_ENABLE_OBJC_ARC = YES;
				CLANG_WARN_BLOCK_CAPTURE_AUTORELEASING = YES;
				CLANG_WARN_BOOL_CONVERSION = YES;
				CLANG_WARN_COMMA = YES;
				CLANG_WARN_CONSTANT_CONVERSION = YES;
				CLANG_WARN_DIRECT_OBJC_ISA_USAGE = YES_ERROR;
				CLANG_WARN_DOCUMENTATION_COMMENTS = YES;
				CLANG_WARN_EMPTY_BODY = YES;
				CLANG_WARN_ENUM_CONVERSION = YES;
				CLANG_WARN_INFINITE_RECURSION = YES;
				CLANG_WARN_INT_CONVERSION = YES;
				CLANG_WARN_NON_LITERAL_NULL_CONVERSION = YES;
				CLANG_WARN_OBJC_LITERAL_CONVERSION = YES;
				CLANG_WARN_OBJC_ROOT_CLASS = YES_ERROR;
				CLANG_WARN_RANGE_LOOP_ANALYSIS = YES;
				CLANG_WARN_STRICT_PROTOTYPES = YES;
				CLANG_WARN_SUSPICIOUS_MOVE = YES;
				CLANG_WARN_UNGUARDED_AVAILABILITY = YES_AGGRESSIVE;
				CLANG_WARN_UNREACHABLE_CODE = YES;
				CLANG_WARN__DUPLICATE_METHOD_MATCH = YES;
				CODE_SIGN_IDENTITY = "iPhone Developer";
				COPY_PHASE_STRIP = NO;
				DEBUG_INFORMATION_FORMAT = dwarf;
				ENABLE_STRICT_OBJC_MSGSEND = YES;
				ENABLE_TESTABILITY = YES;
				GCC_C_LANGUAGE_STANDARD = gnu11;
				GCC_DYNAMIC_NO_PIC = NO;
				GCC_NO_COMMON_BLOCKS = YES;
				GCC_OPTIMIZATION_LEVEL = 0;
				GCC_PREPROCESSOR_DEFINITIONS = (
					"DEBUG=1",
					"$(inherited)",
				);
				GCC_WARN_64_TO_32_BIT_CONVERSION = YES;
				GCC_WARN_ABOUT_RETURN_TYPE = YES_ERROR;
				GCC_WARN_UNDECLARED_SELECTOR = YES;
				GCC_WARN_UNINITIALIZED_AUTOS = YES_AGGRESSIVE;
				GCC_WARN_UNUSED_FUNCTION = YES;
				GCC_WARN_UNUSED_VARIABLE = YES;
				IPHONEOS_DEPLOYMENT_TARGET = 11.0;
				MTL_ENABLE_DEBUG_INFO = YES;
				ONLY_ACTIVE_ARCH = YES;
				SDKROOT = iphoneos;
				SWIFT_ACTIVE_COMPILATION_CONDITIONS = DEBUG;
				SWIFT_OPTIMIZATION_LEVEL = "-Onone";
			};
			name = Debug;
		};
		96AC92821F99AAB500F1FC9E /* Release */ = {
			isa = XCBuildConfiguration;
			buildSettings = {
				ALWAYS_SEARCH_USER_PATHS = NO;
				CLANG_ANALYZER_NONNULL = YES;
				CLANG_ANALYZER_NUMBER_OBJECT_CONVERSION = YES_AGGRESSIVE;
				CLANG_CXX_LANGUAGE_STANDARD = "gnu++14";
				CLANG_CXX_LIBRARY = "libc++";
				CLANG_ENABLE_MODULES = YES;
				CLANG_ENABLE_OBJC_ARC = YES;
				CLANG_WARN_BLOCK_CAPTURE_AUTORELEASING = YES;
				CLANG_WARN_BOOL_CONVERSION = YES;
				CLANG_WARN_COMMA = YES;
				CLANG_WARN_CONSTANT_CONVERSION = YES;
				CLANG_WARN_DIRECT_OBJC_ISA_USAGE = YES_ERROR;
				CLANG_WARN_DOCUMENTATION_COMMENTS = YES;
				CLANG_WARN_EMPTY_BODY = YES;
				CLANG_WARN_ENUM_CONVERSION = YES;
				CLANG_WARN_INFINITE_RECURSION = YES;
				CLANG_WARN_INT_CONVERSION = YES;
				CLANG_WARN_NON_LITERAL_NULL_CONVERSION = YES;
				CLANG_WARN_OBJC_LITERAL_CONVERSION = YES;
				CLANG_WARN_OBJC_ROOT_CLASS = YES_ERROR;
				CLANG_WARN_RANGE_LOOP_ANALYSIS = YES;
				CLANG_WARN_STRICT_PROTOTYPES = YES;
				CLANG_WARN_SUSPICIOUS_MOVE = YES;
				CLANG_WARN_UNGUARDED_AVAILABILITY = YES_AGGRESSIVE;
				CLANG_WARN_UNREACHABLE_CODE = YES;
				CLANG_WARN__DUPLICATE_METHOD_MATCH = YES;
				CODE_SIGN_IDENTITY = "iPhone Developer";
				COPY_PHASE_STRIP = NO;
				DEBUG_INFORMATION_FORMAT = "dwarf-with-dsym";
				ENABLE_NS_ASSERTIONS = NO;
				ENABLE_STRICT_OBJC_MSGSEND = YES;
				GCC_C_LANGUAGE_STANDARD = gnu11;
				GCC_NO_COMMON_BLOCKS = YES;
				GCC_WARN_64_TO_32_BIT_CONVERSION = YES;
				GCC_WARN_ABOUT_RETURN_TYPE = YES_ERROR;
				GCC_WARN_UNDECLARED_SELECTOR = YES;
				GCC_WARN_UNINITIALIZED_AUTOS = YES_AGGRESSIVE;
				GCC_WARN_UNUSED_FUNCTION = YES;
				GCC_WARN_UNUSED_VARIABLE = YES;
				IPHONEOS_DEPLOYMENT_TARGET = 11.0;
				MTL_ENABLE_DEBUG_INFO = NO;
				SDKROOT = iphoneos;
				SWIFT_OPTIMIZATION_LEVEL = "-Owholemodule";
				VALIDATE_PRODUCT = YES;
			};
			name = Release;
		};
		96AC92841F99AAB500F1FC9E /* Debug */ = {
			isa = XCBuildConfiguration;
			buildSettings = {
				ASSETCATALOG_COMPILER_APPICON_NAME = AppIcon;
				CODE_SIGN_STYLE = Manual;
				DEVELOPMENT_TEAM = "";
				INFOPLIST_FILE = Constructor/Info.plist;
				IPHONEOS_DEPLOYMENT_TARGET = 9.0;
				LD_RUNPATH_SEARCH_PATHS = "$(inherited) @executable_path/Frameworks";
				PRODUCT_BUNDLE_IDENTIFIER = com.ez.Constructor;
				PRODUCT_NAME = "$(TARGET_NAME)";
				PROVISIONING_PROFILE_SPECIFIER = "";
				SWIFT_VERSION = 4.0;
				TARGETED_DEVICE_FAMILY = "1,2";
			};
			name = Debug;
		};
		96AC92851F99AAB500F1FC9E /* Release */ = {
			isa = XCBuildConfiguration;
			buildSettings = {
				ASSETCATALOG_COMPILER_APPICON_NAME = AppIcon;
				CODE_SIGN_STYLE = Manual;
				DEVELOPMENT_TEAM = "";
				INFOPLIST_FILE = Constructor/Info.plist;
				IPHONEOS_DEPLOYMENT_TARGET = 9.0;
				LD_RUNPATH_SEARCH_PATHS = "$(inherited) @executable_path/Frameworks";
				PRODUCT_BUNDLE_IDENTIFIER = com.ez.Constructor;
				PRODUCT_NAME = "$(TARGET_NAME)";
				PROVISIONING_PROFILE_SPECIFIER = "";
				SWIFT_VERSION = 4.0;
				TARGETED_DEVICE_FAMILY = "1,2";
			};
			name = Release;
		};
/* End XCBuildConfiguration section */

/* Begin XCConfigurationList section */
		96AC926C1F99AAB500F1FC9E /* Build configuration list for PBXProject "Constructor" */ = {
			isa = XCConfigurationList;
			buildConfigurations = (
				96AC92811F99AAB500F1FC9E /* Debug */,
				96AC92821F99AAB500F1FC9E /* Release */,
			);
			defaultConfigurationIsVisible = 0;
			defaultConfigurationName = Release;
		};
		96AC92831F99AAB500F1FC9E /* Build configuration list for PBXNativeTarget "Constructor" */ = {
			isa = XCConfigurationList;
			buildConfigurations = (
				96AC92841F99AAB500F1FC9E /* Debug */,
				96AC92851F99AAB500F1FC9E /* Release */,
			);
			defaultConfigurationIsVisible = 0;
			defaultConfigurationName = Release;
		};
/* End XCConfigurationList section */
	};
	rootObject = 96AC92691F99AAB500F1FC9E /* Project object */;
}
