// !$*UTF8*$!
{
	archiveVersion = 1;
	classes = {
	};
	objectVersion = 46;
	objects = {

/* Begin PBXBuildFile section */
		9699AAF01E35FDEE00EC0887 /* AppDelegate.swift in Sources */ = {isa = PBXBuildFile; fileRef = 9699AAEF1E35FDEE00EC0887 /* AppDelegate.swift */; };
		9699AAF21E35FDEE00EC0887 /* ViewController.swift in Sources */ = {isa = PBXBuildFile; fileRef = 9699AAF11E35FDEE00EC0887 /* ViewController.swift */; };
		9699AAF51E35FDEE00EC0887 /* Main.storyboard in Resources */ = {isa = PBXBuildFile; fileRef = 9699AAF31E35FDEE00EC0887 /* Main.storyboard */; };
		9699AAF71E35FDEE00EC0887 /* Assets.xcassets in Resources */ = {isa = PBXBuildFile; fileRef = 9699AAF61E35FDEE00EC0887 /* Assets.xcassets */; };
		9699AAFA1E35FDEE00EC0887 /* LaunchScreen.storyboard in Resources */ = {isa = PBXBuildFile; fileRef = 9699AAF81E35FDEE00EC0887 /* LaunchScreen.storyboard */; };
		9699AB021E35FE0B00EC0887 /* ControlFlow.swift in Sources */ = {isa = PBXBuildFile; fileRef = 9699AB011E35FE0B00EC0887 /* ControlFlow.swift */; };
/* End PBXBuildFile section */

/* Begin PBXFileReference section */
		9699AAEC1E35FDEE00EC0887 /* Control Flow.app */ = {isa = PBXFileReference; explicitFileType = wrapper.application; includeInIndex = 0; path = "Control Flow.app"; sourceTree = BUILT_PRODUCTS_DIR; };
		9699AAEF1E35FDEE00EC0887 /* AppDelegate.swift */ = {isa = PBXFileReference; lastKnownFileType = sourcecode.swift; path = AppDelegate.swift; sourceTree = "<group>"; };
		9699AAF11E35FDEE00EC0887 /* ViewController.swift */ = {isa = PBXFileReference; lastKnownFileType = sourcecode.swift; path = ViewController.swift; sourceTree = "<group>"; };
		9699AAF41E35FDEE00EC0887 /* Base */ = {isa = PBXFileReference; lastKnownFileType = file.storyboard; name = Base; path = Base.lproj/Main.storyboard; sourceTree = "<group>"; };
		9699AAF61E35FDEE00EC0887 /* Assets.xcassets */ = {isa = PBXFileReference; lastKnownFileType = folder.assetcatalog; path = Assets.xcassets; sourceTree = "<group>"; };
		9699AAF91E35FDEE00EC0887 /* Base */ = {isa = PBXFileReference; lastKnownFileType = file.storyboard; name = Base; path = Base.lproj/LaunchScreen.storyboard; sourceTree = "<group>"; };
		9699AAFB1E35FDEE00EC0887 /* Info.plist */ = {isa = PBXFileReference; lastKnownFileType = text.plist.xml; path = Info.plist; sourceTree = "<group>"; };
		9699AB011E35FE0B00EC0887 /* ControlFlow.swift */ = {isa = PBXFileReference; fileEncoding = 4; lastKnownFileType = sourcecode.swift; path = ControlFlow.swift; sourceTree = "<group>"; };
/* End PBXFileReference section */

/* Begin PBXFrameworksBuildPhase section */
		9699AAE91E35FDEE00EC0887 /* Frameworks */ = {
			isa = PBXFrameworksBuildPhase;
			buildActionMask = 2147483647;
			files = (
			);
			runOnlyForDeploymentPostprocessing = 0;
		};
/* End PBXFrameworksBuildPhase section */

/* Begin PBXGroup section */
		9699AAE31E35FDEE00EC0887 = {
			isa = PBXGroup;
			children = (
				9699AAEE1E35FDEE00EC0887 /* Control Flow */,
				9699AAED1E35FDEE00EC0887 /* Products */,
			);
			sourceTree = "<group>";
		};
		9699AAED1E35FDEE00EC0887 /* Products */ = {
			isa = PBXGroup;
			children = (
				9699AAEC1E35FDEE00EC0887 /* Control Flow.app */,
			);
			name = Products;
			sourceTree = "<group>";
		};
		9699AAEE1E35FDEE00EC0887 /* Control Flow */ = {
			isa = PBXGroup;
			children = (
				9699AAEF1E35FDEE00EC0887 /* AppDelegate.swift */,
				9699AAF11E35FDEE00EC0887 /* ViewController.swift */,
				9699AAF31E35FDEE00EC0887 /* Main.storyboard */,
				9699AAF61E35FDEE00EC0887 /* Assets.xcassets */,
				9699AAF81E35FDEE00EC0887 /* LaunchScreen.storyboard */,
				9699AAFB1E35FDEE00EC0887 /* Info.plist */,
				9699AB011E35FE0B00EC0887 /* ControlFlow.swift */,
			);
			path = "Control Flow";
			sourceTree = "<group>";
		};
/* End PBXGroup section */

/* Begin PBXNativeTarget section */
		9699AAEB1E35FDEE00EC0887 /* Control Flow */ = {
			isa = PBXNativeTarget;
			buildConfigurationList = 9699AAFE1E35FDEE00EC0887 /* Build configuration list for PBXNativeTarget "Control Flow" */;
			buildPhases = (
				9699AAE81E35FDEE00EC0887 /* Sources */,
				9699AAE91E35FDEE00EC0887 /* Frameworks */,
				9699AAEA1E35FDEE00EC0887 /* Resources */,
			);
			buildRules = (
			);
			dependencies = (
			);
			name = "Control Flow";
			productName = "Control Flow";
			productReference = 9699AAEC1E35FDEE00EC0887 /* Control Flow.app */;
			productType = "com.apple.product-type.application";
		};
/* End PBXNativeTarget section */

/* Begin PBXProject section */
		9699AAE41E35FDEE00EC0887 /* Project object */ = {
			isa = PBXProject;
			attributes = {
				LastSwiftUpdateCheck = 0820;
				LastUpgradeCheck = 0820;
				ORGANIZATIONNAME = dyf;
				TargetAttributes = {
					9699AAEB1E35FDEE00EC0887 = {
						CreatedOnToolsVersion = 8.2.1;
						ProvisioningStyle = Manual;
					};
				};
			};
			buildConfigurationList = 9699AAE71E35FDEE00EC0887 /* Build configuration list for PBXProject "Control Flow" */;
			compatibilityVersion = "Xcode 3.2";
			developmentRegion = English;
			hasScannedForEncodings = 0;
			knownRegions = (
				en,
				Base,
			);
			mainGroup = 9699AAE31E35FDEE00EC0887;
			productRefGroup = 9699AAED1E35FDEE00EC0887 /* Products */;
			projectDirPath = "";
			projectRoot = "";
			targets = (
				9699AAEB1E35FDEE00EC0887 /* Control Flow */,
			);
		};
/* End PBXProject section */

/* Begin PBXResourcesBuildPhase section */
		9699AAEA1E35FDEE00EC0887 /* Resources */ = {
			isa = PBXResourcesBuildPhase;
			buildActionMask = 2147483647;
			files = (
				9699AAFA1E35FDEE00EC0887 /* LaunchScreen.storyboard in Resources */,
				9699AAF71E35FDEE00EC0887 /* Assets.xcassets in Resources */,
				9699AAF51E35FDEE00EC0887 /* Main.storyboard in Resources */,
			);
			runOnlyForDeploymentPostprocessing = 0;
		};
/* End PBXResourcesBuildPhase section */

/* Begin PBXSourcesBuildPhase section */
		9699AAE81E35FDEE00EC0887 /* Sources */ = {
			isa = PBXSourcesBuildPhase;
			buildActionMask = 2147483647;
			files = (
				9699AAF21E35FDEE00EC0887 /* ViewController.swift in Sources */,
				9699AB021E35FE0B00EC0887 /* ControlFlow.swift in Sources */,
				9699AAF01E35FDEE00EC0887 /* AppDelegate.swift in Sources */,
			);
			runOnlyForDeploymentPostprocessing = 0;
		};
/* End PBXSourcesBuildPhase section */

/* Begin PBXVariantGroup section */
		9699AAF31E35FDEE00EC0887 /* Main.storyboard */ = {
			isa = PBXVariantGroup;
			children = (
				9699AAF41E35FDEE00EC0887 /* Base */,
			);
			name = Main.storyboard;
			sourceTree = "<group>";
		};
		9699AAF81E35FDEE00EC0887 /* LaunchScreen.storyboard */ = {
			isa = PBXVariantGroup;
			children = (
				9699AAF91E35FDEE00EC0887 /* Base */,
			);
			name = LaunchScreen.storyboard;
			sourceTree = "<group>";
		};
/* End PBXVariantGroup section */

/* Begin XCBuildConfiguration section */
		9699AAFC1E35FDEE00EC0887 /* Debug */ = {
			isa = XCBuildConfiguration;
			buildSettings = {
				ALWAYS_SEARCH_USER_PATHS = NO;
				CLANG_ANALYZER_NONNULL = YES;
				CLANG_CXX_LANGUAGE_STANDARD = "gnu++0x";
				CLANG_CXX_LIBRARY = "libc++";
				CLANG_ENABLE_MODULES = YES;
				CLANG_ENABLE_OBJC_ARC = YES;
				CLANG_WARN_BOOL_CONVERSION = YES;
				CLANG_WARN_CONSTANT_CONVERSION = YES;
				CLANG_WARN_DIRECT_OBJC_ISA_USAGE = YES_ERROR;
				CLANG_WARN_DOCUMENTATION_COMMENTS = YES;
				CLANG_WARN_EMPTY_BODY = YES;
				CLANG_WARN_ENUM_CONVERSION = YES;
				CLANG_WARN_INFINITE_RECURSION = YES;
				CLANG_WARN_INT_CONVERSION = YES;
				CLANG_WARN_OBJC_ROOT_CLASS = YES_ERROR;
				CLANG_WARN_SUSPICIOUS_MOVE = YES;
				CLANG_WARN_UNREACHABLE_CODE = YES;
				CLANG_WARN__DUPLICATE_METHOD_MATCH = YES;
				"CODE_SIGN_IDENTITY[sdk=iphoneos*]" = "iPhone Developer";
				COPY_PHASE_STRIP = NO;
				DEBUG_INFORMATION_FORMAT = dwarf;
				ENABLE_STRICT_OBJC_MSGSEND = YES;
				ENABLE_TESTABILITY = YES;
				GCC_C_LANGUAGE_STANDARD = gnu99;
				GCC_DYNAMIC_NO_PIC = NO;
				GCC_NO_COMMON_BLOCKS = YES;
				GCC_OPTIMIZATION_LEVEL = 0;
				GCC_PREPROCESSOR_DEFINITIONS = (
					"DEBUG=1",
					"$(inherited)",
				);
				GCC_WARN_64_TO_32_BIT_CONVERSION = YES;
				GCC_WARN_ABOUT_RETURN_TYPE = YES_ERROR;
				GCC_WARN_UNDECLARED_SELECTOR = YES;
				GCC_WARN_UNINITIALIZED_AUTOS = YES_AGGRESSIVE;
				GCC_WARN_UNUSED_FUNCTION = YES;
				GCC_WARN_UNUSED_VARIABLE = YES;
				IPHONEOS_DEPLOYMENT_TARGET = 10.2;
				MTL_ENABLE_DEBUG_INFO = YES;
				ONLY_ACTIVE_ARCH = YES;
				SDKROOT = iphoneos;
				SWIFT_ACTIVE_COMPILATION_CONDITIONS = DEBUG;
				SWIFT_OPTIMIZATION_LEVEL = "-Onone";
				TARGETED_DEVICE_FAMILY = "1,2";
			};
			name = Debug;
		};
		9699AAFD1E35FDEE00EC0887 /* Release */ = {
			isa = XCBuildConfiguration;
			buildSettings = {
				ALWAYS_SEARCH_USER_PATHS = NO;
				CLANG_ANALYZER_NONNULL = YES;
				CLANG_CXX_LANGUAGE_STANDARD = "gnu++0x";
				CLANG_CXX_LIBRARY = "libc++";
				CLANG_ENABLE_MODULES = YES;
				CLANG_ENABLE_OBJC_ARC = YES;
				CLANG_WARN_BOOL_CONVERSION = YES;
				CLANG_WARN_CONSTANT_CONVERSION = YES;
				CLANG_WARN_DIRECT_OBJC_ISA_USAGE = YES_ERROR;
				CLANG_WARN_DOCUMENTATION_COMMENTS = YES;
				CLANG_WARN_EMPTY_BODY = YES;
				CLANG_WARN_ENUM_CONVERSION = YES;
				CLANG_WARN_INFINITE_RECURSION = YES;
				CLANG_WARN_INT_CONVERSION = YES;
				CLANG_WARN_OBJC_ROOT_CLASS = YES_ERROR;
				CLANG_WARN_SUSPICIOUS_MOVE = YES;
				CLANG_WARN_UNREACHABLE_CODE = YES;
				CLANG_WARN__DUPLICATE_METHOD_MATCH = YES;
				"CODE_SIGN_IDENTITY[sdk=iphoneos*]" = "iPhone Developer";
				COPY_PHASE_STRIP = NO;
				DEBUG_INFORMATION_FORMAT = "dwarf-with-dsym";
				ENABLE_NS_ASSERTIONS = NO;
				ENABLE_STRICT_OBJC_MSGSEND = YES;
				GCC_C_LANGUAGE_STANDARD = gnu99;
				GCC_NO_COMMON_BLOCKS = YES;
				GCC_WARN_64_TO_32_BIT_CONVERSION = YES;
				GCC_WARN_ABOUT_RETURN_TYPE = YES_ERROR;
				GCC_WARN_UNDECLARED_SELECTOR = YES;
				GCC_WARN_UNINITIALIZED_AUTOS = YES_AGGRESSIVE;
				GCC_WARN_UNUSED_FUNCTION = YES;
				GCC_WARN_UNUSED_VARIABLE = YES;
				IPHONEOS_DEPLOYMENT_TARGET = 10.2;
				MTL_ENABLE_DEBUG_INFO = NO;
				SDKROOT = iphoneos;
				SWIFT_OPTIMIZATION_LEVEL = "-Owholemodule";
				TARGETED_DEVICE_FAMILY = "1,2";
				VALIDATE_PRODUCT = YES;
			};
			name = Release;
		};
		9699AAFF1E35FDEE00EC0887 /* Debug */ = {
			isa = XCBuildConfiguration;
			buildSettings = {
				ASSETCATALOG_COMPILER_APPICON_NAME = AppIcon;
				CODE_SIGN_STYLE = Manual;
				DEVELOPMENT_TEAM = "";
				INFOPLIST_FILE = "Control Flow/Info.plist";
				IPHONEOS_DEPLOYMENT_TARGET = 8.0;
				LD_RUNPATH_SEARCH_PATHS = "$(inherited) @executable_path/Frameworks";
				PRODUCT_BUNDLE_IDENTIFIER = "com.dyf.Control-Flow";
				PRODUCT_NAME = "$(TARGET_NAME)";
				PROVISIONING_PROFILE_SPECIFIER = "";
				SWIFT_VERSION = 3.0;
			};
			name = Debug;
		};
		9699AB001E35FDEE00EC0887 /* Release */ = {
			isa = XCBuildConfiguration;
			buildSettings = {
				ASSETCATALOG_COMPILER_APPICON_NAME = AppIcon;
				CODE_SIGN_STYLE = Manual;
				DEVELOPMENT_TEAM = "";
				INFOPLIST_FILE = "Control Flow/Info.plist";
				IPHONEOS_DEPLOYMENT_TARGET = 8.0;
				LD_RUNPATH_SEARCH_PATHS = "$(inherited) @executable_path/Frameworks";
				PRODUCT_BUNDLE_IDENTIFIER = "com.dyf.Control-Flow";
				PRODUCT_NAME = "$(TARGET_NAME)";
				PROVISIONING_PROFILE_SPECIFIER = "";
				SWIFT_VERSION = 3.0;
			};
			name = Release;
		};
/* End XCBuildConfiguration section */

/* Begin XCConfigurationList section */
		9699AAE71E35FDEE00EC0887 /* Build configuration list for PBXProject "Control Flow" */ = {
			isa = XCConfigurationList;
			buildConfigurations = (
				9699AAFC1E35FDEE00EC0887 /* Debug */,
				9699AAFD1E35FDEE00EC0887 /* Release */,
			);
			defaultConfigurationIsVisible = 0;
			defaultConfigurationName = Release;
		};
		9699AAFE1E35FDEE00EC0887 /* Build configuration list for PBXNativeTarget "Control Flow" */ = {
			isa = XCConfigurationList;
			buildConfigurations = (
				9699AAFF1E35FDEE00EC0887 /* Debug */,
				9699AB001E35FDEE00EC0887 /* Release */,
			);
			defaultConfigurationIsVisible = 0;
			defaultConfigurationName = Release;
		};
/* End XCConfigurationList section */
	};
	rootObject = 9699AAE41E35FDEE00EC0887 /* Project object */;
}
